// !$*UTF8*$!
{
	archiveVersion = 1;
	classes = {
	};
	objectVersion = 56;
	objects = {

/* Begin PBXBuildFile section */
		065916CF2C0E3BC400B9E103 /* LivePollApp.swift in Sources */ = {isa = PBXBuildFile; fileRef = 065916CE2C0E3BC400B9E103 /* LivePollApp.swift */; };
		065916D32C0E3BC500B9E103 /* Assets.xcassets in Resources */ = {isa = PBXBuildFile; fileRef = 065916D22C0E3BC500B9E103 /* Assets.xcassets */; };
		065916D62C0E3BC500B9E103 /* Preview Assets.xcassets in Resources */ = {isa = PBXBuildFile; fileRef = 065916D52C0E3BC500B9E103 /* Preview Assets.xcassets */; };
		065916DD2C0E3EF600B9E103 /* GoogleService-Info.plist in Resources */ = {isa = PBXBuildFile; fileRef = 065916DC2C0E3EF600B9E103 /* GoogleService-Info.plist */; };
		065916E12C0E418200B9E103 /* FirebaseFirestore in Frameworks */ = {isa = PBXBuildFile; productRef = 065916E02C0E418200B9E103 /* FirebaseFirestore */; };
		065916E52C0E418200B9E103 /* FirebaseFirestoreSwift in Frameworks */ = {isa = PBXBuildFile; productRef = 065916E42C0E418200B9E103 /* FirebaseFirestoreSwift */; };
		065916E82C0F75D300B9E103 /* Option.swift in Sources */ = {isa = PBXBuildFile; fileRef = 065916E72C0F75D300B9E103 /* Option.swift */; };
		065916EA2C0F773900B9E103 /* Poll.swift in Sources */ = {isa = PBXBuildFile; fileRef = 065916E92C0F773900B9E103 /* Poll.swift */; };
		065916EF2C0F9BCB00B9E103 /* HomeView.swift in Sources */ = {isa = PBXBuildFile; fileRef = 065916EE2C0F9BCB00B9E103 /* HomeView.swift */; };
		065916F22C0F9BF100B9E103 /* HomeVM.swift in Sources */ = {isa = PBXBuildFile; fileRef = 065916F12C0F9BF100B9E103 /* HomeVM.swift */; };
		065916F42C0FAD8600B9E103 /* PollChartView.swift in Sources */ = {isa = PBXBuildFile; fileRef = 065916F32C0FAD8600B9E103 /* PollChartView.swift */; };
		065916F62C0FC05C00B9E103 /* PollView.swift in Sources */ = {isa = PBXBuildFile; fileRef = 065916F52C0FC05C00B9E103 /* PollView.swift */; };
		065916F82C0FC08100B9E103 /* PollVM.swift in Sources */ = {isa = PBXBuildFile; fileRef = 065916F72C0FC08100B9E103 /* PollVM.swift */; };
/* End PBXBuildFile section */

/* Begin PBXFileReference section */
		065916CB2C0E3BC400B9E103 /* LivePoll.app */ = {isa = PBXFileReference; explicitFileType = wrapper.application; includeInIndex = 0; path = LivePoll.app; sourceTree = BUILT_PRODUCTS_DIR; };
		065916CE2C0E3BC400B9E103 /* LivePollApp.swift */ = {isa = PBXFileReference; lastKnownFileType = sourcecode.swift; path = LivePollApp.swift; sourceTree = "<group>"; };
		065916D22C0E3BC500B9E103 /* Assets.xcassets */ = {isa = PBXFileReference; lastKnownFileType = folder.assetcatalog; path = Assets.xcassets; sourceTree = "<group>"; };
		065916D52C0E3BC500B9E103 /* Preview Assets.xcassets */ = {isa = PBXFileReference; lastKnownFileType = folder.assetcatalog; path = "Preview Assets.xcassets"; sourceTree = "<group>"; };
		065916DC2C0E3EF600B9E103 /* GoogleService-Info.plist */ = {isa = PBXFileReference; fileEncoding = 4; lastKnownFileType = text.plist.xml; path = "GoogleService-Info.plist"; sourceTree = "<group>"; };
		065916E72C0F75D300B9E103 /* Option.swift */ = {isa = PBXFileReference; lastKnownFileType = sourcecode.swift; path = Option.swift; sourceTree = "<group>"; };
		065916E92C0F773900B9E103 /* Poll.swift */ = {isa = PBXFileReference; lastKnownFileType = sourcecode.swift; path = Poll.swift; sourceTree = "<group>"; };
		065916EE2C0F9BCB00B9E103 /* HomeView.swift */ = {isa = PBXFileReference; lastKnownFileType = sourcecode.swift; path = HomeView.swift; sourceTree = "<group>"; };
		065916F12C0F9BF100B9E103 /* HomeVM.swift */ = {isa = PBXFileReference; lastKnownFileType = sourcecode.swift; path = HomeVM.swift; sourceTree = "<group>"; };
		065916F32C0FAD8600B9E103 /* PollChartView.swift */ = {isa = PBXFileReference; lastKnownFileType = sourcecode.swift; path = PollChartView.swift; sourceTree = "<group>"; };
		065916F52C0FC05C00B9E103 /* PollView.swift */ = {isa = PBXFileReference; lastKnownFileType = sourcecode.swift; path = PollView.swift; sourceTree = "<group>"; };
		065916F72C0FC08100B9E103 /* PollVM.swift */ = {isa = PBXFileReference; lastKnownFileType = sourcecode.swift; path = PollVM.swift; sourceTree = "<group>"; };
/* End PBXFileReference section */

/* Begin PBXFrameworksBuildPhase section */
		065916C82C0E3BC400B9E103 /* Frameworks */ = {
			isa = PBXFrameworksBuildPhase;
			buildActionMask = 2147483647;
			files = (
				065916E12C0E418200B9E103 /* FirebaseFirestore in Frameworks */,
				065916E52C0E418200B9E103 /* FirebaseFirestoreSwift in Frameworks */,
			);
			runOnlyForDeploymentPostprocessing = 0;
		};
/* End PBXFrameworksBuildPhase section */

/* Begin PBXGroup section */
		065916C22C0E3BC400B9E103 = {
			isa = PBXGroup;
			children = (
				065916CD2C0E3BC400B9E103 /* LivePoll */,
				065916CC2C0E3BC400B9E103 /* Products */,
				065916DF2C0E418200B9E103 /* Frameworks */,
			);
			sourceTree = "<group>";
		};
		065916CC2C0E3BC400B9E103 /* Products */ = {
			isa = PBXGroup;
			children = (
				065916CB2C0E3BC400B9E103 /* LivePoll.app */,
			);
			name = Products;
			sourceTree = "<group>";
		};
		065916CD2C0E3BC400B9E103 /* LivePoll */ = {
			isa = PBXGroup;
			children = (
				065916F02C0F9BDB00B9E103 /* Observables */,
				065916EB2C0F9BA600B9E103 /* Views */,
				065916E62C0F75B600B9E103 /* Models */,
				065916DC2C0E3EF600B9E103 /* GoogleService-Info.plist */,
				065916CE2C0E3BC400B9E103 /* LivePollApp.swift */,
				065916D22C0E3BC500B9E103 /* Assets.xcassets */,
				065916D42C0E3BC500B9E103 /* Preview Content */,
			);
			path = LivePoll;
			sourceTree = "<group>";
		};
		065916D42C0E3BC500B9E103 /* Preview Content */ = {
			isa = PBXGroup;
			children = (
				065916D52C0E3BC500B9E103 /* Preview Assets.xcassets */,
			);
			path = "Preview Content";
			sourceTree = "<group>";
		};
		065916DF2C0E418200B9E103 /* Frameworks */ = {
			isa = PBXGroup;
			children = (
			);
			name = Frameworks;
			sourceTree = "<group>";
		};
		065916E62C0F75B600B9E103 /* Models */ = {
			isa = PBXGroup;
			children = (
				065916E72C0F75D300B9E103 /* Option.swift */,
				065916E92C0F773900B9E103 /* Poll.swift */,
			);
			path = Models;
			sourceTree = "<group>";
		};
		065916EB2C0F9BA600B9E103 /* Views */ = {
			isa = PBXGroup;
			children = (
				065916EE2C0F9BCB00B9E103 /* HomeView.swift */,
				065916F32C0FAD8600B9E103 /* PollChartView.swift */,
				065916F52C0FC05C00B9E103 /* PollView.swift */,
			);
			path = Views;
			sourceTree = "<group>";
		};
		065916F02C0F9BDB00B9E103 /* Observables */ = {
			isa = PBXGroup;
			children = (
				065916F12C0F9BF100B9E103 /* HomeVM.swift */,
				065916F72C0FC08100B9E103 /* PollVM.swift */,
			);
			path = Observables;
			sourceTree = "<group>";
		};
/* End PBXGroup section */

/* Begin PBXNativeTarget section */
		065916CA2C0E3BC400B9E103 /* LivePoll */ = {
			isa = PBXNativeTarget;
			buildConfigurationList = 065916D92C0E3BC500B9E103 /* Build configuration list for PBXNativeTarget "LivePoll" */;
			buildPhases = (
				065916C72C0E3BC400B9E103 /* Sources */,
				065916C82C0E3BC400B9E103 /* Frameworks */,
				065916C92C0E3BC400B9E103 /* Resources */,
			);
			buildRules = (
			);
			dependencies = (
			);
			name = LivePoll;
			packageProductDependencies = (
				065916E02C0E418200B9E103 /* FirebaseFirestore */,
				065916E42C0E418200B9E103 /* FirebaseFirestoreSwift */,
			);
			productName = LivePoll;
			productReference = 065916CB2C0E3BC400B9E103 /* LivePoll.app */;
			productType = "com.apple.product-type.application";
		};
/* End PBXNativeTarget section */

/* Begin PBXProject section */
		065916C32C0E3BC400B9E103 /* Project object */ = {
			isa = PBXProject;
			attributes = {
				BuildIndependentTargetsInParallel = 1;
				LastSwiftUpdateCheck = 1540;
				LastUpgradeCheck = 1540;
				TargetAttributes = {
					065916CA2C0E3BC400B9E103 = {
						CreatedOnToolsVersion = 15.4;
					};
				};
			};
			buildConfigurationList = 065916C62C0E3BC400B9E103 /* Build configuration list for PBXProject "LivePoll" */;
			compatibilityVersion = "Xcode 14.0";
			developmentRegion = en;
			hasScannedForEncodings = 0;
			knownRegions = (
				en,
				Base,
			);
			mainGroup = 065916C22C0E3BC400B9E103;
			packageReferences = (
				065916DE2C0E415300B9E103 /* XCRemoteSwiftPackageReference "firebase-ios-sdk" */,
			);
			productRefGroup = 065916CC2C0E3BC400B9E103 /* Products */;
			projectDirPath = "";
			projectRoot = "";
			targets = (
				065916CA2C0E3BC400B9E103 /* LivePoll */,
			);
		};
/* End PBXProject section */

/* Begin PBXResourcesBuildPhase section */
		065916C92C0E3BC400B9E103 /* Resources */ = {
			isa = PBXResourcesBuildPhase;
			buildActionMask = 2147483647;
			files = (
				065916D62C0E3BC500B9E103 /* Preview Assets.xcassets in Resources */,
				065916D32C0E3BC500B9E103 /* Assets.xcassets in Resources */,
				065916DD2C0E3EF600B9E103 /* GoogleService-Info.plist in Resources */,
			);
			runOnlyForDeploymentPostprocessing = 0;
		};
/* End PBXResourcesBuildPhase section */

/* Begin PBXSourcesBuildPhase section */
		065916C72C0E3BC400B9E103 /* Sources */ = {
			isa = PBXSourcesBuildPhase;
			buildActionMask = 2147483647;
			files = (
				065916EA2C0F773900B9E103 /* Poll.swift in Sources */,
				065916F82C0FC08100B9E103 /* PollVM.swift in Sources */,
				065916E82C0F75D300B9E103 /* Option.swift in Sources */,
				065916F22C0F9BF100B9E103 /* HomeVM.swift in Sources */,
				065916F62C0FC05C00B9E103 /* PollView.swift in Sources */,
				065916F42C0FAD8600B9E103 /* PollChartView.swift in Sources */,
				065916EF2C0F9BCB00B9E103 /* HomeView.swift in Sources */,
				065916CF2C0E3BC400B9E103 /* LivePollApp.swift in Sources */,
			);
			runOnlyForDeploymentPostprocessing = 0;
		};
/* End PBXSourcesBuildPhase section */

/* Begin XCBuildConfiguration section */
		065916D72C0E3BC500B9E103 /* Debug */ = {
			isa = XCBuildConfiguration;
			buildSettings = {
				ALWAYS_SEARCH_USER_PATHS = NO;
				ASSETCATALOG_COMPILER_GENERATE_SWIFT_ASSET_SYMBOL_EXTENSIONS = YES;
				CLANG_ANALYZER_NONNULL = YES;
				CLANG_ANALYZER_NUMBER_OBJECT_CONVERSION = YES_AGGRESSIVE;
				CLANG_CXX_LANGUAGE_STANDARD = "gnu++20";
				CLANG_ENABLE_MODULES = YES;
				CLANG_ENABLE_OBJC_ARC = YES;
				CLANG_ENABLE_OBJC_WEAK = YES;
				CLANG_WARN_BLOCK_CAPTURE_AUTORELEASING = YES;
				CLANG_WARN_BOOL_CONVERSION = YES;
				CLANG_WARN_COMMA = YES;
				CLANG_WARN_CONSTANT_CONVERSION = YES;
				CLANG_WARN_DEPRECATED_OBJC_IMPLEMENTATIONS = YES;
				CLANG_WARN_DIRECT_OBJC_ISA_USAGE = YES_ERROR;
				CLANG_WARN_DOCUMENTATION_COMMENTS = YES;
				CLANG_WARN_EMPTY_BODY = YES;
				CLANG_WARN_ENUM_CONVERSION = YES;
				CLANG_WARN_INFINITE_RECURSION = YES;
				CLANG_WARN_INT_CONVERSION = YES;
				CLANG_WARN_NON_LITERAL_NULL_CONVERSION = YES;
				CLANG_WARN_OBJC_IMPLICIT_RETAIN_SELF = YES;
				CLANG_WARN_OBJC_LITERAL_CONVERSION = YES;
				CLANG_WARN_OBJC_ROOT_CLASS = YES_ERROR;
				CLANG_WARN_QUOTED_INCLUDE_IN_FRAMEWORK_HEADER = YES;
				CLANG_WARN_RANGE_LOOP_ANALYSIS = YES;
				CLANG_WARN_STRICT_PROTOTYPES = YES;
				CLANG_WARN_SUSPICIOUS_MOVE = YES;
				CLANG_WARN_UNGUARDED_AVAILABILITY = YES_AGGRESSIVE;
				CLANG_WARN_UNREACHABLE_CODE = YES;
				CLANG_WARN__DUPLICATE_METHOD_MATCH = YES;
				COPY_PHASE_STRIP = NO;
				DEBUG_INFORMATION_FORMAT = dwarf;
				ENABLE_STRICT_OBJC_MSGSEND = YES;
				ENABLE_TESTABILITY = YES;
				ENABLE_USER_SCRIPT_SANDBOXING = YES;
				GCC_C_LANGUAGE_STANDARD = gnu17;
				GCC_DYNAMIC_NO_PIC = NO;
				GCC_NO_COMMON_BLOCKS = YES;
				GCC_OPTIMIZATION_LEVEL = 0;
				GCC_PREPROCESSOR_DEFINITIONS = (
					"DEBUG=1",
					"$(inherited)",
				);
				GCC_WARN_64_TO_32_BIT_CONVERSION = YES;
				GCC_WARN_ABOUT_RETURN_TYPE = YES_ERROR;
				GCC_WARN_UNDECLARED_SELECTOR = YES;
				GCC_WARN_UNINITIALIZED_AUTOS = YES_AGGRESSIVE;
				GCC_WARN_UNUSED_FUNCTION = YES;
				GCC_WARN_UNUSED_VARIABLE = YES;
				IPHONEOS_DEPLOYMENT_TARGET = 17.5;
				LOCALIZATION_PREFERS_STRING_CATALOGS = YES;
				MTL_ENABLE_DEBUG_INFO = INCLUDE_SOURCE;
				MTL_FAST_MATH = YES;
				ONLY_ACTIVE_ARCH = YES;
				SDKROOT = iphoneos;
				SWIFT_ACTIVE_COMPILATION_CONDITIONS = "DEBUG $(inherited)";
				SWIFT_OPTIMIZATION_LEVEL = "-Onone";
			};
			name = Debug;
		};
		065916D82C0E3BC500B9E103 /* Release */ = {
			isa = XCBuildConfiguration;
			buildSettings = {
				ALWAYS_SEARCH_USER_PATHS = NO;
				ASSETCATALOG_COMPILER_GENERATE_SWIFT_ASSET_SYMBOL_EXTENSIONS = YES;
				CLANG_ANALYZER_NONNULL = YES;
				CLANG_ANALYZER_NUMBER_OBJECT_CONVERSION = YES_AGGRESSIVE;
				CLANG_CXX_LANGUAGE_STANDARD = "gnu++20";
				CLANG_ENABLE_MODULES = YES;
				CLANG_ENABLE_OBJC_ARC = YES;
				CLANG_ENABLE_OBJC_WEAK = YES;
				CLANG_WARN_BLOCK_CAPTURE_AUTORELEASING = YES;
				CLANG_WARN_BOOL_CONVERSION = YES;
				CLANG_WARN_COMMA = YES;
				CLANG_WARN_CONSTANT_CONVERSION = YES;
				CLANG_WARN_DEPRECATED_OBJC_IMPLEMENTATIONS = YES;
				CLANG_WARN_DIRECT_OBJC_ISA_USAGE = YES_ERROR;
				CLANG_WARN_DOCUMENTATION_COMMENTS = YES;
				CLANG_WARN_EMPTY_BODY = YES;
				CLANG_WARN_ENUM_CONVERSION = YES;
				CLANG_WARN_INFINITE_RECURSION = YES;
				CLANG_WARN_INT_CONVERSION = YES;
				CLANG_WARN_NON_LITERAL_NULL_CONVERSION = YES;
				CLANG_WARN_OBJC_IMPLICIT_RETAIN_SELF = YES;
				CLANG_WARN_OBJC_LITERAL_CONVERSION = YES;
				CLANG_WARN_OBJC_ROOT_CLASS = YES_ERROR;
				CLANG_WARN_QUOTED_INCLUDE_IN_FRAMEWORK_HEADER = YES;
				CLANG_WARN_RANGE_LOOP_ANALYSIS = YES;
				CLANG_WARN_STRICT_PROTOTYPES = YES;
				CLANG_WARN_SUSPICIOUS_MOVE = YES;
				CLANG_WARN_UNGUARDED_AVAILABILITY = YES_AGGRESSIVE;
				CLANG_WARN_UNREACHABLE_CODE = YES;
				CLANG_WARN__DUPLICATE_METHOD_MATCH = YES;
				COPY_PHASE_STRIP = NO;
				DEBUG_INFORMATION_FORMAT = "dwarf-with-dsym";
				ENABLE_NS_ASSERTIONS = NO;
				ENABLE_STRICT_OBJC_MSGSEND = YES;
				ENABLE_USER_SCRIPT_SANDBOXING = YES;
				GCC_C_LANGUAGE_STANDARD = gnu17;
				GCC_NO_COMMON_BLOCKS = YES;
				GCC_WARN_64_TO_32_BIT_CONVERSION = YES;
				GCC_WARN_ABOUT_RETURN_TYPE = YES_ERROR;
				GCC_WARN_UNDECLARED_SELECTOR = YES;
				GCC_WARN_UNINITIALIZED_AUTOS = YES_AGGRESSIVE;
				GCC_WARN_UNUSED_FUNCTION = YES;
				GCC_WARN_UNUSED_VARIABLE = YES;
				IPHONEOS_DEPLOYMENT_TARGET = 17.5;
				LOCALIZATION_PREFERS_STRING_CATALOGS = YES;
				MTL_ENABLE_DEBUG_INFO = NO;
				MTL_FAST_MATH = YES;
				SDKROOT = iphoneos;
				SWIFT_COMPILATION_MODE = wholemodule;
				VALIDATE_PRODUCT = YES;
			};
			name = Release;
		};
		065916DA2C0E3BC500B9E103 /* Debug */ = {
			isa = XCBuildConfiguration;
			buildSettings = {
				ASSETCATALOG_COMPILER_APPICON_NAME = AppIcon;
				ASSETCATALOG_COMPILER_GLOBAL_ACCENT_COLOR_NAME = AccentColor;
				CODE_SIGN_STYLE = Automatic;
				CURRENT_PROJECT_VERSION = 1;
				DEVELOPMENT_ASSET_PATHS = "\"LivePoll/Preview Content\"";
				ENABLE_PREVIEWS = YES;
				GENERATE_INFOPLIST_FILE = YES;
				INFOPLIST_KEY_UIApplicationSceneManifest_Generation = YES;
				INFOPLIST_KEY_UIApplicationSupportsIndirectInputEvents = YES;
				INFOPLIST_KEY_UILaunchScreen_Generation = YES;
				INFOPLIST_KEY_UISupportedInterfaceOrientations_iPad = "UIInterfaceOrientationPortrait UIInterfaceOrientationPortraitUpsideDown UIInterfaceOrientationLandscapeLeft UIInterfaceOrientationLandscapeRight";
				INFOPLIST_KEY_UISupportedInterfaceOrientations_iPhone = "UIInterfaceOrientationPortrait UIInterfaceOrientationLandscapeLeft UIInterfaceOrientationLandscapeRight";
				LD_RUNPATH_SEARCH_PATHS = (
					"$(inherited)",
					"@executable_path/Frameworks",
				);
				MARKETING_VERSION = 1.0;
				PRODUCT_BUNDLE_IDENTIFIER = com.pingdaksh.LivePoll;
				PRODUCT_NAME = "$(TARGET_NAME)";
				SWIFT_EMIT_LOC_STRINGS = YES;
				SWIFT_VERSION = 5.0;
				TARGETED_DEVICE_FAMILY = "1,2";
			};
			name = Debug;
		};
		065916DB2C0E3BC500B9E103 /* Release */ = {
			isa = XCBuildConfiguration;
			buildSettings = {
				ASSETCATALOG_COMPILER_APPICON_NAME = AppIcon;
				ASSETCATALOG_COMPILER_GLOBAL_ACCENT_COLOR_NAME = AccentColor;
				CODE_SIGN_STYLE = Automatic;
				CURRENT_PROJECT_VERSION = 1;
				DEVELOPMENT_ASSET_PATHS = "\"LivePoll/Preview Content\"";
				ENABLE_PREVIEWS = YES;
				GENERATE_INFOPLIST_FILE = YES;
				INFOPLIST_KEY_UIApplicationSceneManifest_Generation = YES;
				INFOPLIST_KEY_UIApplicationSupportsIndirectInputEvents = YES;
				INFOPLIST_KEY_UILaunchScreen_Generation = YES;
				INFOPLIST_KEY_UISupportedInterfaceOrientations_iPad = "UIInterfaceOrientationPortrait UIInterfaceOrientationPortraitUpsideDown UIInterfaceOrientationLandscapeLeft UIInterfaceOrientationLandscapeRight";
				INFOPLIST_KEY_UISupportedInterfaceOrientations_iPhone = "UIInterfaceOrientationPortrait UIInterfaceOrientationLandscapeLeft UIInterfaceOrientationLandscapeRight";
				LD_RUNPATH_SEARCH_PATHS = (
					"$(inherited)",
					"@executable_path/Frameworks",
				);
				MARKETING_VERSION = 1.0;
				PRODUCT_BUNDLE_IDENTIFIER = com.pingdaksh.LivePoll;
				PRODUCT_NAME = "$(TARGET_NAME)";
				SWIFT_EMIT_LOC_STRINGS = YES;
				SWIFT_VERSION = 5.0;
				TARGETED_DEVICE_FAMILY = "1,2";
			};
			name = Release;
		};
/* End XCBuildConfiguration section */

/* Begin XCConfigurationList section */
		065916C62C0E3BC400B9E103 /* Build configuration list for PBXProject "LivePoll" */ = {
			isa = XCConfigurationList;
			buildConfigurations = (
				065916D72C0E3BC500B9E103 /* Debug */,
				065916D82C0E3BC500B9E103 /* Release */,
			);
			defaultConfigurationIsVisible = 0;
			defaultConfigurationName = Release;
		};
		065916D92C0E3BC500B9E103 /* Build configuration list for PBXNativeTarget "LivePoll" */ = {
			isa = XCConfigurationList;
			buildConfigurations = (
				065916DA2C0E3BC500B9E103 /* Debug */,
				065916DB2C0E3BC500B9E103 /* Release */,
			);
			defaultConfigurationIsVisible = 0;
			defaultConfigurationName = Release;
		};
/* End XCConfigurationList section */

/* Begin XCRemoteSwiftPackageReference section */
		065916DE2C0E415300B9E103 /* XCRemoteSwiftPackageReference "firebase-ios-sdk" */ = {
			isa = XCRemoteSwiftPackageReference;
			repositoryURL = "https://github.com/firebase/firebase-ios-sdk";
			requirement = {
				kind = upToNextMajorVersion;
				minimumVersion = 10.27.0;
			};
		};
/* End XCRemoteSwiftPackageReference section */

/* Begin XCSwiftPackageProductDependency section */
		065916E02C0E418200B9E103 /* FirebaseFirestore */ = {
			isa = XCSwiftPackageProductDependency;
			package = 065916DE2C0E415300B9E103 /* XCRemoteSwiftPackageReference "firebase-ios-sdk" */;
			productName = FirebaseFirestore;
		};
		065916E42C0E418200B9E103 /* FirebaseFirestoreSwift */ = {
			isa = XCSwiftPackageProductDependency;
			package = 065916DE2C0E415300B9E103 /* XCRemoteSwiftPackageReference "firebase-ios-sdk" */;
			productName = FirebaseFirestoreSwift;
		};
/* End XCSwiftPackageProductDependency section */
	};
	rootObject = 065916C32C0E3BC400B9E103 /* Project object */;
}
